
Microsoft Visual Studio Solution File, Format Version 12.00
# Visual Studio Version 17
VisualStudioVersion = 17.5.33627.172
MinimumVisualStudioVersion = 10.0.40219.1
Project("{FAE04EC0-301F-11D3-BF4B-00C04F79EFBC}") = "PayrollProcessor", "PayrollProcessor\PayrollProcessor.csproj", "{D7DBCF06-884A-4FE1-A8FB-82BF70042EA2}"
EndProject
Global
	GlobalSection(SolutionConfigurationPlatforms) = preSolution
		Debug|Any CPU = Debug|Any CPU
		Release|Any CPU = Release|Any CPU
	EndGlobalSection
	GlobalSection(ProjectConfigurationPlatforms) = postSolution
		{D7DBCF06-884A-4FE1-A8FB-82BF70042EA2}.Debug|Any CPU.ActiveCfg = Debug|Any CPU
		{D7DBCF06-884A-4FE1-A8FB-82BF70042EA2}.Debug|Any CPU.Build.0 = Debug|Any CPU
		{D7DBCF06-884A-4FE1-A8FB-82BF70042EA2}.Release|Any CPU.ActiveCfg = Release|Any CPU
		{D7DBCF06-884A-4FE1-A8FB-82BF70042EA2}.Release|Any CPU.Build.0 = Release|Any CPU
	EndGlobalSection
	GlobalSection(SolutionProperties) = preSolution
		HideSolutionNode = FALSE
	EndGlobalSection
	GlobalSection(ExtensibilityGlobals) = postSolution
		SolutionGuid = {8A792F3F-BDAE-473D-9926-41FA6D67D407}
	EndGlobalSection
EndGlobal
